
Microsoft Visual Studio Solution File, Format Version 12.00
# Visual Studio Version 17
VisualStudioVersion = 17.1.32414.318
MinimumVisualStudioVersion = 10.0.40219.1
Project("{FAE04EC0-301F-11D3-BF4B-00C04F79EFBC}") = "Computer_Accessories_Shop", "Computer_Accessories_Shop(Site)\Computer_Accessories_Shop.csproj", "{4581AB74-F29E-489E-AF44-CB37D299CB08}"
EndProject
Project("{FAE04EC0-301F-11D3-BF4B-00C04F79EFBC}") = "Computer_Accessories_Shop.Data", "Computer_Accessories_Shop.Data\Computer_Accessories_Shop.Data.csproj", "{84B94220-85E0-4072-BA9B-0EEF4C868C0A}"
EndProject
Project("{FAE04EC0-301F-11D3-BF4B-00C04F79EFBC}") = "Computer_Accessories_Shop.Service", "Computer_Accessories_Shop.Service\Computer_Accessories_Shop.Service.csproj", "{553678D2-4513-4498-B382-72EF07B72999}"
EndProject
Global
	GlobalSection(SolutionConfigurationPlatforms) = preSolution
		Debug|Any CPU = Debug|Any CPU
		Release|Any CPU = Release|Any CPU
	EndGlobalSection
	GlobalSection(ProjectConfigurationPlatforms) = postSolution
		{4581AB74-F29E-489E-AF44-CB37D299CB08}.Debug|Any CPU.ActiveCfg = Debug|Any CPU
		{4581AB74-F29E-489E-AF44-CB37D299CB08}.Debug|Any CPU.Build.0 = Debug|Any CPU
		{4581AB74-F29E-489E-AF44-CB37D299CB08}.Release|Any CPU.ActiveCfg = Release|Any CPU
		{4581AB74-F29E-489E-AF44-CB37D299CB08}.Release|Any CPU.Build.0 = Release|Any CPU
		{84B94220-85E0-4072-BA9B-0EEF4C868C0A}.Debug|Any CPU.ActiveCfg = Debug|Any CPU
		{84B94220-85E0-4072-BA9B-0EEF4C868C0A}.Debug|Any CPU.Build.0 = Debug|Any CPU
		{84B94220-85E0-4072-BA9B-0EEF4C868C0A}.Release|Any CPU.ActiveCfg = Release|Any CPU
		{84B94220-85E0-4072-BA9B-0EEF4C868C0A}.Release|Any CPU.Build.0 = Release|Any CPU
		{553678D2-4513-4498-B382-72EF07B72999}.Debug|Any CPU.ActiveCfg = Debug|Any CPU
		{553678D2-4513-4498-B382-72EF07B72999}.Debug|Any CPU.Build.0 = Debug|Any CPU
		{553678D2-4513-4498-B382-72EF07B72999}.Release|Any CPU.ActiveCfg = Release|Any CPU
		{553678D2-4513-4498-B382-72EF07B72999}.Release|Any CPU.Build.0 = Release|Any CPU
	EndGlobalSection
	GlobalSection(SolutionProperties) = preSolution
		HideSolutionNode = FALSE
	EndGlobalSection
	GlobalSection(ExtensibilityGlobals) = postSolution
		SolutionGuid = {3B628870-0449-4A78-BD85-0B030FBC0D5F}
	EndGlobalSection
EndGlobal
